{
  "name": "trener-prod",
  "version": "0.1.0",
  "lockfileVersion": 3,
  "requires": true,
  "packages": {
    "": {
      "name": "trener-prod",
      "version": "0.1.0",
      "workspaces": [
        "packages/*",
        "apps/*"
      ],
      "devDependencies": {},
      "engines": {
        "node": ">=20"
      }
    }
  }
}
